# THIS IS AN AUTOGENERATED FILE. DO NOT EDIT THIS FILE DIRECTLY.
# yarn lockfile v1


"SimpleSpritePacker@ssh://github.com/minhhh/SimpleSpritePacker#v0.0.1":
  version "0.0.1"
  resolved "ssh://github.com/minhhh/SimpleSpritePacker#a1bb114ccd8685dfa1fb04fb47e1392b5fcbd656"
  dependencies:
    minimist "ssh://github.com/substack/minimist.git#0.0.8"
    mkdirp "ssh://github.com/substack/node-mkdirp.git#0.5.1"
    ncp "ssh://github.com/AvianFlu/ncp.git#v2.0.0"

"UBootstrap.Core@ssh://github.com/minhhh/UBootstrap.Core#v0.0.19":
  version "0.0.19"
  resolved "ssh://github.com/minhhh/UBootstrap.Core#aa559ab07189d52f10d8efaf9272d6e08e078d69"
  dependencies:
    minimist "ssh://github.com/substack/minimist.git#0.0.8"
    mkdirp "ssh://github.com/substack/node-mkdirp.git#0.5.1"
    ncp "ssh://github.com/AvianFlu/ncp.git#v2.0.0"

"UBootstrap.SpriteCollection@ssh://github.com/minhhh/UBootstrap.SpriteCollection#v0.0.3":
  version "0.0.3"
  resolved "ssh://github.com/minhhh/UBootstrap.SpriteCollection#c5374a0049ead63edc19716bd3a5b462539f3283"
  dependencies:
    minimist "ssh://github.com/substack/minimist.git#0.0.8"
    mkdirp "ssh://github.com/substack/node-mkdirp.git#0.5.1"
    ncp "ssh://github.com/AvianFlu/ncp.git#v2.0.0"
    unity-singleton "ssh://github.com/minhhh/unity-singleton#v0.0.2"

minimist@0.0.8, "minimist@ssh://github.com/substack/minimist.git#0.0.8":
  version "0.0.8"
  resolved "https://registry.yarnpkg.com/minimist/-/minimist-0.0.8.tgz#857fcabfc3397d2625b8228262e86aa7a011b05d"

"mkdirp@ssh://github.com/substack/node-mkdirp.git#0.5.1":
  version "0.5.1"
  resolved "ssh://github.com/substack/node-mkdirp.git#d4eff0f06093aed4f387e88e9fc301cb76beedc7"
  dependencies:
    minimist "0.0.8"

"ncp@ssh://github.com/AvianFlu/ncp.git#v2.0.0":
  version "2.0.0"
  resolved "ssh://github.com/AvianFlu/ncp.git#93c7c6c719e2a4944dc09a16178b09aef428cdf0"

"unity-singleton@ssh://github.com/minhhh/unity-singleton#v0.0.2":
  version "0.0.2"
  resolved "ssh://github.com/minhhh/unity-singleton#4c9b467dd0cd0aeca45685c35865cd68947b2339"
  dependencies:
    minimist "ssh://github.com/substack/minimist.git#0.0.8"
    mkdirp "ssh://github.com/substack/node-mkdirp.git#0.5.1"
    ncp "ssh://github.com/AvianFlu/ncp.git#v2.0.0"
